
Microsoft Visual Studio Solution File, Format Version 12.00
# Visual Studio 15
VisualStudioVersion = 15.0.28307.271
MinimumVisualStudioVersion = 10.0.40219.1
Project("{8BC9CEB8-8B4A-11D0-8D11-00A0C91BC942}") = "TD1", "TD1\TD1.vcxproj", "{58636C7A-E95A-403E-BE31-C8EC46B1AE44}"
EndProject
Global
	GlobalSection(SolutionConfigurationPlatforms) = preSolution
		Debug|x64 = Debug|x64
		Debug|x86 = Debug|x86
		Release|x64 = Release|x64
		Release|x86 = Release|x86
	EndGlobalSection
	GlobalSection(ProjectConfigurationPlatforms) = postSolution
		{58636C7A-E95A-403E-BE31-C8EC46B1AE44}.Debug|x64.ActiveCfg = Debug|x64
		{58636C7A-E95A-403E-BE31-C8EC46B1AE44}.Debug|x64.Build.0 = Debug|x64
		{58636C7A-E95A-403E-BE31-C8EC46B1AE44}.Debug|x86.ActiveCfg = Debug|Win32
		{58636C7A-E95A-403E-BE31-C8EC46B1AE44}.Debug|x86.Build.0 = Debug|Win32
		{58636C7A-E95A-403E-BE31-C8EC46B1AE44}.Release|x64.ActiveCfg = Release|x64
		{58636C7A-E95A-403E-BE31-C8EC46B1AE44}.Release|x64.Build.0 = Release|x64
		{58636C7A-E95A-403E-BE31-C8EC46B1AE44}.Release|x86.ActiveCfg = Release|Win32
		{58636C7A-E95A-403E-BE31-C8EC46B1AE44}.Release|x86.Build.0 = Release|Win32
	EndGlobalSection
	GlobalSection(SolutionProperties) = preSolution
		HideSolutionNode = FALSE
	EndGlobalSection
	GlobalSection(ExtensibilityGlobals) = postSolution
		SolutionGuid = {BA6ED793-82E1-43B3-B1A1-EBAE6C15F117}
	EndGlobalSection
EndGlobal
